PODS:
  - Alamofire (5.8.1)
  - Moya (15.0.0):
    - Moya/Core (= 15.0.0)
  - Moya/Core (15.0.0):
    - Alamofire (~> 5.0)
  - SDWebImage (5.18.10):
    - SDWebImage/Core (= 5.18.10)
  - SDWebImage/Core (5.18.10)

DEPENDENCIES:
  - Moya
  - SDWebImage

SPEC REPOS:
  trunk:
    - Alamofire
    - Moya
    - SDWebImage

SPEC CHECKSUMS:
  Alamofire: 3ca42e259043ee0dc5c0cdd76c4bc568b8e42af7
  Moya: 138f0573e53411fb3dc17016add0b748dfbd78ee
  SDWebImage: fc8f2d48bbfd72ef39d70e981bd24a3f3be53fec

PODFILE CHECKSUM: 82000f87c9bbbc62accd44c2b13f644a3372125a

COCOAPODS: 1.15.0
