// !$*UTF8*$!
{
	archiveVersion = 1;
	classes = {
	};
	objectVersion = 56;
	objects = {

/* Begin PBXBuildFile section */
		06DAB2951229B272D37071B1 /* Pods_MandiriNewsUsingViper.framework in Frameworks */ = {isa = PBXBuildFile; fileRef = 650951E133471A4CDA0C5F72 /* Pods_MandiriNewsUsingViper.framework */; };
		134BEE9B2B6DDD2D002E4B93 /* AppDelegate.swift in Sources */ = {isa = PBXBuildFile; fileRef = 134BEE9A2B6DDD2D002E4B93 /* AppDelegate.swift */; };
		134BEEA22B6DDD2D002E4B93 /* Main.storyboard in Resources */ = {isa = PBXBuildFile; fileRef = 134BEEA02B6DDD2D002E4B93 /* Main.storyboard */; };
		134BEEA42B6DDD2F002E4B93 /* Assets.xcassets in Resources */ = {isa = PBXBuildFile; fileRef = 134BEEA32B6DDD2F002E4B93 /* Assets.xcassets */; };
		134BEEA72B6DDD2F002E4B93 /* LaunchScreen.storyboard in Resources */ = {isa = PBXBuildFile; fileRef = 134BEEA52B6DDD2F002E4B93 /* LaunchScreen.storyboard */; };
		134BEEE02B6E1CCC002E4B93 /* CategoryViewController.swift in Sources */ = {isa = PBXBuildFile; fileRef = 134BEEDF2B6E1CCC002E4B93 /* CategoryViewController.swift */; };
		134BEEE62B6E1DA9002E4B93 /* CategoryEntity.swift in Sources */ = {isa = PBXBuildFile; fileRef = 134BEEE52B6E1DA9002E4B93 /* CategoryEntity.swift */; };
		134BEEE82B6E1DC4002E4B93 /* CategoryInteractor.swift in Sources */ = {isa = PBXBuildFile; fileRef = 134BEEE72B6E1DC4002E4B93 /* CategoryInteractor.swift */; };
		134BEEEA2B6E1DCC002E4B93 /* CategoryPresenter.swift in Sources */ = {isa = PBXBuildFile; fileRef = 134BEEE92B6E1DCC002E4B93 /* CategoryPresenter.swift */; };
		134BEEEC2B6E1DD7002E4B93 /* CategoryRouter.swift in Sources */ = {isa = PBXBuildFile; fileRef = 134BEEEB2B6E1DD7002E4B93 /* CategoryRouter.swift */; };
		134BEEF02B6E1DF0002E4B93 /* CategoryItemCollectionViewCell.swift in Sources */ = {isa = PBXBuildFile; fileRef = 134BEEEE2B6E1DF0002E4B93 /* CategoryItemCollectionViewCell.swift */; };
		134BEEF12B6E1DF0002E4B93 /* CategoryItemCollectionViewCell.xib in Resources */ = {isa = PBXBuildFile; fileRef = 134BEEEF2B6E1DF0002E4B93 /* CategoryItemCollectionViewCell.xib */; };
		134BEEF32B6E2DF2002E4B93 /* CategoryProtocol.swift in Sources */ = {isa = PBXBuildFile; fileRef = 134BEEF22B6E2DF2002E4B93 /* CategoryProtocol.swift */; };
		134BEEF82B6E3B80002E4B93 /* SceneDelegate.swift in Sources */ = {isa = PBXBuildFile; fileRef = 134BEEF72B6E3B80002E4B93 /* SceneDelegate.swift */; };
		134BEEFB2B6E4FCF002E4B93 /* CategoryListTableViewCell.swift in Sources */ = {isa = PBXBuildFile; fileRef = 134BEEF92B6E4FCF002E4B93 /* CategoryListTableViewCell.swift */; };
		134BEEFC2B6E4FCF002E4B93 /* CategoryListTableViewCell.xib in Resources */ = {isa = PBXBuildFile; fileRef = 134BEEFA2B6E4FCF002E4B93 /* CategoryListTableViewCell.xib */; };
		134BEEFE2B6E5414002E4B93 /* CategoryViewController.storyboard in Resources */ = {isa = PBXBuildFile; fileRef = 134BEEFD2B6E5414002E4B93 /* CategoryViewController.storyboard */; };
		134BEF022B6E63D2002E4B93 /* ListNews.storyboard in Resources */ = {isa = PBXBuildFile; fileRef = 134BEF012B6E63D2002E4B93 /* ListNews.storyboard */; };
		134BEF042B6E63E3002E4B93 /* ListNewsViewController.swift in Sources */ = {isa = PBXBuildFile; fileRef = 134BEF032B6E63E3002E4B93 /* ListNewsViewController.swift */; };
/* End PBXBuildFile section */

/* Begin PBXFileReference section */
		134BEE972B6DDD2D002E4B93 /* MandiriNewsUsingViper.app */ = {isa = PBXFileReference; explicitFileType = wrapper.application; includeInIndex = 0; path = MandiriNewsUsingViper.app; sourceTree = BUILT_PRODUCTS_DIR; };
		134BEE9A2B6DDD2D002E4B93 /* AppDelegate.swift */ = {isa = PBXFileReference; lastKnownFileType = sourcecode.swift; path = AppDelegate.swift; sourceTree = "<group>"; };
		134BEEA12B6DDD2D002E4B93 /* Base */ = {isa = PBXFileReference; lastKnownFileType = file.storyboard; name = Base; path = Base.lproj/Main.storyboard; sourceTree = "<group>"; };
		134BEEA32B6DDD2F002E4B93 /* Assets.xcassets */ = {isa = PBXFileReference; lastKnownFileType = folder.assetcatalog; path = Assets.xcassets; sourceTree = "<group>"; };
		134BEEA62B6DDD2F002E4B93 /* Base */ = {isa = PBXFileReference; lastKnownFileType = file.storyboard; name = Base; path = Base.lproj/LaunchScreen.storyboard; sourceTree = "<group>"; };
		134BEEA82B6DDD2F002E4B93 /* Info.plist */ = {isa = PBXFileReference; lastKnownFileType = text.plist.xml; path = Info.plist; sourceTree = "<group>"; };
		134BEEDF2B6E1CCC002E4B93 /* CategoryViewController.swift */ = {isa = PBXFileReference; lastKnownFileType = sourcecode.swift; path = CategoryViewController.swift; sourceTree = "<group>"; };
		134BEEE52B6E1DA9002E4B93 /* CategoryEntity.swift */ = {isa = PBXFileReference; lastKnownFileType = sourcecode.swift; path = CategoryEntity.swift; sourceTree = "<group>"; };
		134BEEE72B6E1DC4002E4B93 /* CategoryInteractor.swift */ = {isa = PBXFileReference; lastKnownFileType = sourcecode.swift; path = CategoryInteractor.swift; sourceTree = "<group>"; };
		134BEEE92B6E1DCC002E4B93 /* CategoryPresenter.swift */ = {isa = PBXFileReference; lastKnownFileType = sourcecode.swift; path = CategoryPresenter.swift; sourceTree = "<group>"; };
		134BEEEB2B6E1DD7002E4B93 /* CategoryRouter.swift */ = {isa = PBXFileReference; lastKnownFileType = sourcecode.swift; path = CategoryRouter.swift; sourceTree = "<group>"; };
		134BEEEE2B6E1DF0002E4B93 /* CategoryItemCollectionViewCell.swift */ = {isa = PBXFileReference; lastKnownFileType = sourcecode.swift; path = CategoryItemCollectionViewCell.swift; sourceTree = "<group>"; };
		134BEEEF2B6E1DF0002E4B93 /* CategoryItemCollectionViewCell.xib */ = {isa = PBXFileReference; lastKnownFileType = file.xib; path = CategoryItemCollectionViewCell.xib; sourceTree = "<group>"; };
		134BEEF22B6E2DF2002E4B93 /* CategoryProtocol.swift */ = {isa = PBXFileReference; lastKnownFileType = sourcecode.swift; path = CategoryProtocol.swift; sourceTree = "<group>"; };
		134BEEF72B6E3B80002E4B93 /* SceneDelegate.swift */ = {isa = PBXFileReference; fileEncoding = 4; lastKnownFileType = sourcecode.swift; path = SceneDelegate.swift; sourceTree = "<group>"; };
		134BEEF92B6E4FCF002E4B93 /* CategoryListTableViewCell.swift */ = {isa = PBXFileReference; lastKnownFileType = sourcecode.swift; path = CategoryListTableViewCell.swift; sourceTree = "<group>"; };
		134BEEFA2B6E4FCF002E4B93 /* CategoryListTableViewCell.xib */ = {isa = PBXFileReference; lastKnownFileType = file.xib; path = CategoryListTableViewCell.xib; sourceTree = "<group>"; };
		134BEEFD2B6E5414002E4B93 /* CategoryViewController.storyboard */ = {isa = PBXFileReference; lastKnownFileType = file.storyboard; path = CategoryViewController.storyboard; sourceTree = "<group>"; };
		134BEF012B6E63D2002E4B93 /* ListNews.storyboard */ = {isa = PBXFileReference; lastKnownFileType = file.storyboard; path = ListNews.storyboard; sourceTree = "<group>"; };
		134BEF032B6E63E3002E4B93 /* ListNewsViewController.swift */ = {isa = PBXFileReference; lastKnownFileType = sourcecode.swift; path = ListNewsViewController.swift; sourceTree = "<group>"; };
		650951E133471A4CDA0C5F72 /* Pods_MandiriNewsUsingViper.framework */ = {isa = PBXFileReference; explicitFileType = wrapper.framework; includeInIndex = 0; path = Pods_MandiriNewsUsingViper.framework; sourceTree = BUILT_PRODUCTS_DIR; };
		918006A0C51C9909E3607446 /* Pods-MandiriNewsUsingViper.debug.xcconfig */ = {isa = PBXFileReference; includeInIndex = 1; lastKnownFileType = text.xcconfig; name = "Pods-MandiriNewsUsingViper.debug.xcconfig"; path = "Target Support Files/Pods-MandiriNewsUsingViper/Pods-MandiriNewsUsingViper.debug.xcconfig"; sourceTree = "<group>"; };
		C847BE62F682BBC41600E292 /* Pods-MandiriNewsUsingViper.release.xcconfig */ = {isa = PBXFileReference; includeInIndex = 1; lastKnownFileType = text.xcconfig; name = "Pods-MandiriNewsUsingViper.release.xcconfig"; path = "Target Support Files/Pods-MandiriNewsUsingViper/Pods-MandiriNewsUsingViper.release.xcconfig"; sourceTree = "<group>"; };
/* End PBXFileReference section */

/* Begin PBXFrameworksBuildPhase section */
		134BEE942B6DDD2D002E4B93 /* Frameworks */ = {
			isa = PBXFrameworksBuildPhase;
			buildActionMask = 2147483647;
			files = (
				06DAB2951229B272D37071B1 /* Pods_MandiriNewsUsingViper.framework in Frameworks */,
			);
			runOnlyForDeploymentPostprocessing = 0;
		};
/* End PBXFrameworksBuildPhase section */

/* Begin PBXGroup section */
		134BEE8E2B6DDD2D002E4B93 = {
			isa = PBXGroup;
			children = (
				134BEE992B6DDD2D002E4B93 /* MandiriNewsUsingViper */,
				134BEE982B6DDD2D002E4B93 /* Products */,
				8072DEEDCE1EC8EE4E732332 /* Pods */,
				86B175B51306CD5FEFB9D842 /* Frameworks */,
			);
			sourceTree = "<group>";
		};
		134BEE982B6DDD2D002E4B93 /* Products */ = {
			isa = PBXGroup;
			children = (
				134BEE972B6DDD2D002E4B93 /* MandiriNewsUsingViper.app */,
			);
			name = Products;
			sourceTree = "<group>";
		};
		134BEE992B6DDD2D002E4B93 /* MandiriNewsUsingViper */ = {
			isa = PBXGroup;
			children = (
				134BEEFF2B6E63AC002E4B93 /* ListNews */,
				134BEEDB2B6E1CA2002E4B93 /* Category */,
				134BEEDA2B6E1C75002E4B93 /* Common */,
			);
			path = MandiriNewsUsingViper;
			sourceTree = "<group>";
		};
		134BEEDA2B6E1C75002E4B93 /* Common */ = {
			isa = PBXGroup;
			children = (
				134BEE9A2B6DDD2D002E4B93 /* AppDelegate.swift */,
				134BEEA02B6DDD2D002E4B93 /* Main.storyboard */,
				134BEEA32B6DDD2F002E4B93 /* Assets.xcassets */,
				134BEEA52B6DDD2F002E4B93 /* LaunchScreen.storyboard */,
				134BEEF72B6E3B80002E4B93 /* SceneDelegate.swift */,
				134BEEA82B6DDD2F002E4B93 /* Info.plist */,
			);
			path = Common;
			sourceTree = "<group>";
		};
		134BEEDB2B6E1CA2002E4B93 /* Category */ = {
			isa = PBXGroup;
			children = (
				134BEEE42B6E1D8B002E4B93 /* Router */,
				134BEEE32B6E1D84002E4B93 /* Entity */,
				134BEEE22B6E1D7F002E4B93 /* Presenter */,
				134BEEE12B6E1D7A002E4B93 /* Interactor */,
				134BEEDC2B6E1CA8002E4B93 /* View */,
				134BEEF22B6E2DF2002E4B93 /* CategoryProtocol.swift */,
			);
			path = Category;
			sourceTree = "<group>";
		};
		134BEEDC2B6E1CA8002E4B93 /* View */ = {
			isa = PBXGroup;
			children = (
				134BEEF42B6E2ED4002E4B93 /* Controller */,
				134BEEED2B6E1DE0002E4B93 /* Cell */,
			);
			path = View;
			sourceTree = "<group>";
		};
		134BEEE12B6E1D7A002E4B93 /* Interactor */ = {
			isa = PBXGroup;
			children = (
				134BEEE72B6E1DC4002E4B93 /* CategoryInteractor.swift */,
			);
			path = Interactor;
			sourceTree = "<group>";
		};
		134BEEE22B6E1D7F002E4B93 /* Presenter */ = {
			isa = PBXGroup;
			children = (
				134BEEE92B6E1DCC002E4B93 /* CategoryPresenter.swift */,
			);
			path = Presenter;
			sourceTree = "<group>";
		};
		134BEEE32B6E1D84002E4B93 /* Entity */ = {
			isa = PBXGroup;
			children = (
				134BEEE52B6E1DA9002E4B93 /* CategoryEntity.swift */,
			);
			path = Entity;
			sourceTree = "<group>";
		};
		134BEEE42B6E1D8B002E4B93 /* Router */ = {
			isa = PBXGroup;
			children = (
				134BEEEB2B6E1DD7002E4B93 /* CategoryRouter.swift */,
			);
			path = Router;
			sourceTree = "<group>";
		};
		134BEEED2B6E1DE0002E4B93 /* Cell */ = {
			isa = PBXGroup;
			children = (
				134BEEEE2B6E1DF0002E4B93 /* CategoryItemCollectionViewCell.swift */,
				134BEEEF2B6E1DF0002E4B93 /* CategoryItemCollectionViewCell.xib */,
				134BEEF92B6E4FCF002E4B93 /* CategoryListTableViewCell.swift */,
				134BEEFA2B6E4FCF002E4B93 /* CategoryListTableViewCell.xib */,
			);
			path = Cell;
			sourceTree = "<group>";
		};
		134BEEF42B6E2ED4002E4B93 /* Controller */ = {
			isa = PBXGroup;
			children = (
				134BEEDF2B6E1CCC002E4B93 /* CategoryViewController.swift */,
				134BEEFD2B6E5414002E4B93 /* CategoryViewController.storyboard */,
			);
			path = Controller;
			sourceTree = "<group>";
		};
		134BEEFF2B6E63AC002E4B93 /* ListNews */ = {
			isa = PBXGroup;
			children = (
				134BEF002B6E63C5002E4B93 /* View */,
			);
			path = ListNews;
			sourceTree = "<group>";
		};
		134BEF002B6E63C5002E4B93 /* View */ = {
			isa = PBXGroup;
			children = (
				134BEF012B6E63D2002E4B93 /* ListNews.storyboard */,
				134BEF032B6E63E3002E4B93 /* ListNewsViewController.swift */,
			);
			path = View;
			sourceTree = "<group>";
		};
		8072DEEDCE1EC8EE4E732332 /* Pods */ = {
			isa = PBXGroup;
			children = (
				918006A0C51C9909E3607446 /* Pods-MandiriNewsUsingViper.debug.xcconfig */,
				C847BE62F682BBC41600E292 /* Pods-MandiriNewsUsingViper.release.xcconfig */,
			);
			path = Pods;
			sourceTree = "<group>";
		};
		86B175B51306CD5FEFB9D842 /* Frameworks */ = {
			isa = PBXGroup;
			children = (
				650951E133471A4CDA0C5F72 /* Pods_MandiriNewsUsingViper.framework */,
			);
			name = Frameworks;
			sourceTree = "<group>";
		};
/* End PBXGroup section */

/* Begin PBXNativeTarget section */
		134BEE962B6DDD2D002E4B93 /* MandiriNewsUsingViper */ = {
			isa = PBXNativeTarget;
			buildConfigurationList = 134BEEAB2B6DDD2F002E4B93 /* Build configuration list for PBXNativeTarget "MandiriNewsUsingViper" */;
			buildPhases = (
				2C59F7F3E635CAB8E1642E63 /* [CP] Check Pods Manifest.lock */,
				134BEE932B6DDD2D002E4B93 /* Sources */,
				134BEE942B6DDD2D002E4B93 /* Frameworks */,
				134BEE952B6DDD2D002E4B93 /* Resources */,
				966A94D24B6742E074682E44 /* [CP] Embed Pods Frameworks */,
			);
			buildRules = (
			);
			dependencies = (
			);
			name = MandiriNewsUsingViper;
			productName = MandiriNewsUsingViper;
			productReference = 134BEE972B6DDD2D002E4B93 /* MandiriNewsUsingViper.app */;
			productType = "com.apple.product-type.application";
		};
/* End PBXNativeTarget section */

/* Begin PBXProject section */
		134BEE8F2B6DDD2D002E4B93 /* Project object */ = {
			isa = PBXProject;
			attributes = {
				BuildIndependentTargetsInParallel = 1;
				LastSwiftUpdateCheck = 1520;
				LastUpgradeCheck = 1520;
				TargetAttributes = {
					134BEE962B6DDD2D002E4B93 = {
						CreatedOnToolsVersion = 15.2;
					};
				};
			};
			buildConfigurationList = 134BEE922B6DDD2D002E4B93 /* Build configuration list for PBXProject "MandiriNewsUsingViper" */;
			compatibilityVersion = "Xcode 14.0";
			developmentRegion = en;
			hasScannedForEncodings = 0;
			knownRegions = (
				en,
				Base,
			);
			mainGroup = 134BEE8E2B6DDD2D002E4B93;
			productRefGroup = 134BEE982B6DDD2D002E4B93 /* Products */;
			projectDirPath = "";
			projectRoot = "";
			targets = (
				134BEE962B6DDD2D002E4B93 /* MandiriNewsUsingViper */,
			);
		};
/* End PBXProject section */

/* Begin PBXResourcesBuildPhase section */
		134BEE952B6DDD2D002E4B93 /* Resources */ = {
			isa = PBXResourcesBuildPhase;
			buildActionMask = 2147483647;
			files = (
				134BEEA72B6DDD2F002E4B93 /* LaunchScreen.storyboard in Resources */,
				134BEEFE2B6E5414002E4B93 /* CategoryViewController.storyboard in Resources */,
				134BEEF12B6E1DF0002E4B93 /* CategoryItemCollectionViewCell.xib in Resources */,
				134BEEA42B6DDD2F002E4B93 /* Assets.xcassets in Resources */,
				134BEEA22B6DDD2D002E4B93 /* Main.storyboard in Resources */,
				134BEEFC2B6E4FCF002E4B93 /* CategoryListTableViewCell.xib in Resources */,
				134BEF022B6E63D2002E4B93 /* ListNews.storyboard in Resources */,
			);
			runOnlyForDeploymentPostprocessing = 0;
		};
/* End PBXResourcesBuildPhase section */

/* Begin PBXShellScriptBuildPhase section */
		2C59F7F3E635CAB8E1642E63 /* [CP] Check Pods Manifest.lock */ = {
			isa = PBXShellScriptBuildPhase;
			buildActionMask = 2147483647;
			files = (
			);
			inputFileListPaths = (
			);
			inputPaths = (
				"${PODS_PODFILE_DIR_PATH}/Podfile.lock",
				"${PODS_ROOT}/Manifest.lock",
			);
			name = "[CP] Check Pods Manifest.lock";
			outputFileListPaths = (
			);
			outputPaths = (
				"$(DERIVED_FILE_DIR)/Pods-MandiriNewsUsingViper-checkManifestLockResult.txt",
			);
			runOnlyForDeploymentPostprocessing = 0;
			shellPath = /bin/sh;
			shellScript = "diff \"${PODS_PODFILE_DIR_PATH}/Podfile.lock\" \"${PODS_ROOT}/Manifest.lock\" > /dev/null\nif [ $? != 0 ] ; then\n    # print error to STDERR\n    echo \"error: The sandbox is not in sync with the Podfile.lock. Run 'pod install' or update your CocoaPods installation.\" >&2\n    exit 1\nfi\n# This output is used by Xcode 'outputs' to avoid re-running this script phase.\necho \"SUCCESS\" > \"${SCRIPT_OUTPUT_FILE_0}\"\n";
			showEnvVarsInLog = 0;
		};
		966A94D24B6742E074682E44 /* [CP] Embed Pods Frameworks */ = {
			isa = PBXShellScriptBuildPhase;
			buildActionMask = 2147483647;
			files = (
			);
			inputFileListPaths = (
				"${PODS_ROOT}/Target Support Files/Pods-MandiriNewsUsingViper/Pods-MandiriNewsUsingViper-frameworks-${CONFIGURATION}-input-files.xcfilelist",
			);
			name = "[CP] Embed Pods Frameworks";
			outputFileListPaths = (
				"${PODS_ROOT}/Target Support Files/Pods-MandiriNewsUsingViper/Pods-MandiriNewsUsingViper-frameworks-${CONFIGURATION}-output-files.xcfilelist",
			);
			runOnlyForDeploymentPostprocessing = 0;
			shellPath = /bin/sh;
			shellScript = "\"${PODS_ROOT}/Target Support Files/Pods-MandiriNewsUsingViper/Pods-MandiriNewsUsingViper-frameworks.sh\"\n";
			showEnvVarsInLog = 0;
		};
/* End PBXShellScriptBuildPhase section */

/* Begin PBXSourcesBuildPhase section */
		134BEE932B6DDD2D002E4B93 /* Sources */ = {
			isa = PBXSourcesBuildPhase;
			buildActionMask = 2147483647;
			files = (
				134BEEEA2B6E1DCC002E4B93 /* CategoryPresenter.swift in Sources */,
				134BEEE82B6E1DC4002E4B93 /* CategoryInteractor.swift in Sources */,
				134BEEF82B6E3B80002E4B93 /* SceneDelegate.swift in Sources */,
				134BEEF02B6E1DF0002E4B93 /* CategoryItemCollectionViewCell.swift in Sources */,
				134BEF042B6E63E3002E4B93 /* ListNewsViewController.swift in Sources */,
				134BEE9B2B6DDD2D002E4B93 /* AppDelegate.swift in Sources */,
				134BEEE02B6E1CCC002E4B93 /* CategoryViewController.swift in Sources */,
				134BEEF32B6E2DF2002E4B93 /* CategoryProtocol.swift in Sources */,
				134BEEFB2B6E4FCF002E4B93 /* CategoryListTableViewCell.swift in Sources */,
				134BEEEC2B6E1DD7002E4B93 /* CategoryRouter.swift in Sources */,
				134BEEE62B6E1DA9002E4B93 /* CategoryEntity.swift in Sources */,
			);
			runOnlyForDeploymentPostprocessing = 0;
		};
/* End PBXSourcesBuildPhase section */

/* Begin PBXVariantGroup section */
		134BEEA02B6DDD2D002E4B93 /* Main.storyboard */ = {
			isa = PBXVariantGroup;
			children = (
				134BEEA12B6DDD2D002E4B93 /* Base */,
			);
			name = Main.storyboard;
			sourceTree = "<group>";
		};
		134BEEA52B6DDD2F002E4B93 /* LaunchScreen.storyboard */ = {
			isa = PBXVariantGroup;
			children = (
				134BEEA62B6DDD2F002E4B93 /* Base */,
			);
			name = LaunchScreen.storyboard;
			sourceTree = "<group>";
		};
/* End PBXVariantGroup section */

/* Begin XCBuildConfiguration section */
		134BEEA92B6DDD2F002E4B93 /* Debug */ = {
			isa = XCBuildConfiguration;
			buildSettings = {
				ALWAYS_SEARCH_USER_PATHS = NO;
				ASSETCATALOG_COMPILER_GENERATE_SWIFT_ASSET_SYMBOL_EXTENSIONS = YES;
				CLANG_ANALYZER_NONNULL = YES;
				CLANG_ANALYZER_NUMBER_OBJECT_CONVERSION = YES_AGGRESSIVE;
				CLANG_CXX_LANGUAGE_STANDARD = "gnu++20";
				CLANG_ENABLE_MODULES = YES;
				CLANG_ENABLE_OBJC_ARC = YES;
				CLANG_ENABLE_OBJC_WEAK = YES;
				CLANG_WARN_BLOCK_CAPTURE_AUTORELEASING = YES;
				CLANG_WARN_BOOL_CONVERSION = YES;
				CLANG_WARN_COMMA = YES;
				CLANG_WARN_CONSTANT_CONVERSION = YES;
				CLANG_WARN_DEPRECATED_OBJC_IMPLEMENTATIONS = YES;
				CLANG_WARN_DIRECT_OBJC_ISA_USAGE = YES_ERROR;
				CLANG_WARN_DOCUMENTATION_COMMENTS = YES;
				CLANG_WARN_EMPTY_BODY = YES;
				CLANG_WARN_ENUM_CONVERSION = YES;
				CLANG_WARN_INFINITE_RECURSION = YES;
				CLANG_WARN_INT_CONVERSION = YES;
				CLANG_WARN_NON_LITERAL_NULL_CONVERSION = YES;
				CLANG_WARN_OBJC_IMPLICIT_RETAIN_SELF = YES;
				CLANG_WARN_OBJC_LITERAL_CONVERSION = YES;
				CLANG_WARN_OBJC_ROOT_CLASS = YES_ERROR;
				CLANG_WARN_QUOTED_INCLUDE_IN_FRAMEWORK_HEADER = YES;
				CLANG_WARN_RANGE_LOOP_ANALYSIS = YES;
				CLANG_WARN_STRICT_PROTOTYPES = YES;
				CLANG_WARN_SUSPICIOUS_MOVE = YES;
				CLANG_WARN_UNGUARDED_AVAILABILITY = YES_AGGRESSIVE;
				CLANG_WARN_UNREACHABLE_CODE = YES;
				CLANG_WARN__DUPLICATE_METHOD_MATCH = YES;
				COPY_PHASE_STRIP = NO;
				DEBUG_INFORMATION_FORMAT = dwarf;
				ENABLE_STRICT_OBJC_MSGSEND = YES;
				ENABLE_TESTABILITY = YES;
				ENABLE_USER_SCRIPT_SANDBOXING = NO;
				GCC_C_LANGUAGE_STANDARD = gnu17;
				GCC_DYNAMIC_NO_PIC = NO;
				GCC_NO_COMMON_BLOCKS = YES;
				GCC_OPTIMIZATION_LEVEL = 0;
				GCC_PREPROCESSOR_DEFINITIONS = (
					"DEBUG=1",
					"$(inherited)",
				);
				GCC_WARN_64_TO_32_BIT_CONVERSION = YES;
				GCC_WARN_ABOUT_RETURN_TYPE = YES_ERROR;
				GCC_WARN_UNDECLARED_SELECTOR = YES;
				GCC_WARN_UNINITIALIZED_AUTOS = YES_AGGRESSIVE;
				GCC_WARN_UNUSED_FUNCTION = YES;
				GCC_WARN_UNUSED_VARIABLE = YES;
				IPHONEOS_DEPLOYMENT_TARGET = 13.0;
				LOCALIZATION_PREFERS_STRING_CATALOGS = YES;
				MTL_ENABLE_DEBUG_INFO = INCLUDE_SOURCE;
				MTL_FAST_MATH = YES;
				ONLY_ACTIVE_ARCH = YES;
				SDKROOT = iphoneos;
				SWIFT_ACTIVE_COMPILATION_CONDITIONS = "DEBUG $(inherited)";
				SWIFT_OPTIMIZATION_LEVEL = "-Onone";
			};
			name = Debug;
		};
		134BEEAA2B6DDD2F002E4B93 /* Release */ = {
			isa = XCBuildConfiguration;
			buildSettings = {
				ALWAYS_SEARCH_USER_PATHS = NO;
				ASSETCATALOG_COMPILER_GENERATE_SWIFT_ASSET_SYMBOL_EXTENSIONS = YES;
				CLANG_ANALYZER_NONNULL = YES;
				CLANG_ANALYZER_NUMBER_OBJECT_CONVERSION = YES_AGGRESSIVE;
				CLANG_CXX_LANGUAGE_STANDARD = "gnu++20";
				CLANG_ENABLE_MODULES = YES;
				CLANG_ENABLE_OBJC_ARC = YES;
				CLANG_ENABLE_OBJC_WEAK = YES;
				CLANG_WARN_BLOCK_CAPTURE_AUTORELEASING = YES;
				CLANG_WARN_BOOL_CONVERSION = YES;
				CLANG_WARN_COMMA = YES;
				CLANG_WARN_CONSTANT_CONVERSION = YES;
				CLANG_WARN_DEPRECATED_OBJC_IMPLEMENTATIONS = YES;
				CLANG_WARN_DIRECT_OBJC_ISA_USAGE = YES_ERROR;
				CLANG_WARN_DOCUMENTATION_COMMENTS = YES;
				CLANG_WARN_EMPTY_BODY = YES;
				CLANG_WARN_ENUM_CONVERSION = YES;
				CLANG_WARN_INFINITE_RECURSION = YES;
				CLANG_WARN_INT_CONVERSION = YES;
				CLANG_WARN_NON_LITERAL_NULL_CONVERSION = YES;
				CLANG_WARN_OBJC_IMPLICIT_RETAIN_SELF = YES;
				CLANG_WARN_OBJC_LITERAL_CONVERSION = YES;
				CLANG_WARN_OBJC_ROOT_CLASS = YES_ERROR;
				CLANG_WARN_QUOTED_INCLUDE_IN_FRAMEWORK_HEADER = YES;
				CLANG_WARN_RANGE_LOOP_ANALYSIS = YES;
				CLANG_WARN_STRICT_PROTOTYPES = YES;
				CLANG_WARN_SUSPICIOUS_MOVE = YES;
				CLANG_WARN_UNGUARDED_AVAILABILITY = YES_AGGRESSIVE;
				CLANG_WARN_UNREACHABLE_CODE = YES;
				CLANG_WARN__DUPLICATE_METHOD_MATCH = YES;
				COPY_PHASE_STRIP = NO;
				DEBUG_INFORMATION_FORMAT = "dwarf-with-dsym";
				ENABLE_NS_ASSERTIONS = NO;
				ENABLE_STRICT_OBJC_MSGSEND = YES;
				ENABLE_USER_SCRIPT_SANDBOXING = NO;
				GCC_C_LANGUAGE_STANDARD = gnu17;
				GCC_NO_COMMON_BLOCKS = YES;
				GCC_WARN_64_TO_32_BIT_CONVERSION = YES;
				GCC_WARN_ABOUT_RETURN_TYPE = YES_ERROR;
				GCC_WARN_UNDECLARED_SELECTOR = YES;
				GCC_WARN_UNINITIALIZED_AUTOS = YES_AGGRESSIVE;
				GCC_WARN_UNUSED_FUNCTION = YES;
				GCC_WARN_UNUSED_VARIABLE = YES;
				IPHONEOS_DEPLOYMENT_TARGET = 13.0;
				LOCALIZATION_PREFERS_STRING_CATALOGS = YES;
				MTL_ENABLE_DEBUG_INFO = NO;
				MTL_FAST_MATH = YES;
				SDKROOT = iphoneos;
				SWIFT_COMPILATION_MODE = wholemodule;
				VALIDATE_PRODUCT = YES;
			};
			name = Release;
		};
		134BEEAC2B6DDD2F002E4B93 /* Debug */ = {
			isa = XCBuildConfiguration;
			baseConfigurationReference = 918006A0C51C9909E3607446 /* Pods-MandiriNewsUsingViper.debug.xcconfig */;
			buildSettings = {
				ASSETCATALOG_COMPILER_APPICON_NAME = AppIcon;
				ASSETCATALOG_COMPILER_GLOBAL_ACCENT_COLOR_NAME = AccentColor;
				CODE_SIGN_STYLE = Automatic;
				CURRENT_PROJECT_VERSION = 1;
				GENERATE_INFOPLIST_FILE = YES;
				INFOPLIST_FILE = MandiriNewsUsingViper/Common/Info.plist;
				INFOPLIST_KEY_CFBundleDisplayName = MandiriNews;
				INFOPLIST_KEY_UIApplicationSupportsIndirectInputEvents = YES;
				INFOPLIST_KEY_UILaunchStoryboardName = LaunchScreen;
				INFOPLIST_KEY_UISupportedInterfaceOrientations_iPad = "UIInterfaceOrientationPortrait UIInterfaceOrientationPortraitUpsideDown UIInterfaceOrientationLandscapeLeft UIInterfaceOrientationLandscapeRight";
				INFOPLIST_KEY_UISupportedInterfaceOrientations_iPhone = "UIInterfaceOrientationPortrait UIInterfaceOrientationLandscapeLeft UIInterfaceOrientationLandscapeRight";
				IPHONEOS_DEPLOYMENT_TARGET = 13.0;
				LD_RUNPATH_SEARCH_PATHS = (
					"$(inherited)",
					"@executable_path/Frameworks",
				);
				MARKETING_VERSION = 1.0;
				PRODUCT_BUNDLE_IDENTIFIER = id.edwinNiwarlangga.MandiriNewsUsingViper;
				PRODUCT_NAME = "$(TARGET_NAME)";
				SWIFT_EMIT_LOC_STRINGS = YES;
				SWIFT_VERSION = 5.0;
				TARGETED_DEVICE_FAMILY = "1,2";
			};
			name = Debug;
		};
		134BEEAD2B6DDD2F002E4B93 /* Release */ = {
			isa = XCBuildConfiguration;
			baseConfigurationReference = C847BE62F682BBC41600E292 /* Pods-MandiriNewsUsingViper.release.xcconfig */;
			buildSettings = {
				ASSETCATALOG_COMPILER_APPICON_NAME = AppIcon;
				ASSETCATALOG_COMPILER_GLOBAL_ACCENT_COLOR_NAME = AccentColor;
				CODE_SIGN_STYLE = Automatic;
				CURRENT_PROJECT_VERSION = 1;
				GENERATE_INFOPLIST_FILE = YES;
				INFOPLIST_FILE = MandiriNewsUsingViper/Common/Info.plist;
				INFOPLIST_KEY_CFBundleDisplayName = MandiriNews;
				INFOPLIST_KEY_UIApplicationSupportsIndirectInputEvents = YES;
				INFOPLIST_KEY_UILaunchStoryboardName = LaunchScreen;
				INFOPLIST_KEY_UISupportedInterfaceOrientations_iPad = "UIInterfaceOrientationPortrait UIInterfaceOrientationPortraitUpsideDown UIInterfaceOrientationLandscapeLeft UIInterfaceOrientationLandscapeRight";
				INFOPLIST_KEY_UISupportedInterfaceOrientations_iPhone = "UIInterfaceOrientationPortrait UIInterfaceOrientationLandscapeLeft UIInterfaceOrientationLandscapeRight";
				IPHONEOS_DEPLOYMENT_TARGET = 13.0;
				LD_RUNPATH_SEARCH_PATHS = (
					"$(inherited)",
					"@executable_path/Frameworks",
				);
				MARKETING_VERSION = 1.0;
				PRODUCT_BUNDLE_IDENTIFIER = id.edwinNiwarlangga.MandiriNewsUsingViper;
				PRODUCT_NAME = "$(TARGET_NAME)";
				SWIFT_EMIT_LOC_STRINGS = YES;
				SWIFT_VERSION = 5.0;
				TARGETED_DEVICE_FAMILY = "1,2";
			};
			name = Release;
		};
/* End XCBuildConfiguration section */

/* Begin XCConfigurationList section */
		134BEE922B6DDD2D002E4B93 /* Build configuration list for PBXProject "MandiriNewsUsingViper" */ = {
			isa = XCConfigurationList;
			buildConfigurations = (
				134BEEA92B6DDD2F002E4B93 /* Debug */,
				134BEEAA2B6DDD2F002E4B93 /* Release */,
			);
			defaultConfigurationIsVisible = 0;
			defaultConfigurationName = Release;
		};
		134BEEAB2B6DDD2F002E4B93 /* Build configuration list for PBXNativeTarget "MandiriNewsUsingViper" */ = {
			isa = XCConfigurationList;
			buildConfigurations = (
				134BEEAC2B6DDD2F002E4B93 /* Debug */,
				134BEEAD2B6DDD2F002E4B93 /* Release */,
			);
			defaultConfigurationIsVisible = 0;
			defaultConfigurationName = Release;
		};
/* End XCConfigurationList section */
	};
	rootObject = 134BEE8F2B6DDD2D002E4B93 /* Project object */;
}
